
Microsoft Visual Studio Solution File, Format Version 12.00
# Visual Studio Version 17
VisualStudioVersion = 17.8.34330.188
MinimumVisualStudioVersion = 10.0.40219.1
Project("{FAE04EC0-301F-11D3-BF4B-00C04F79EFBC}") = "game_exercise", "game_exercise\game_exercise.csproj", "{83BA37F3-D956-4693-80FC-273766E1D2F8}"
EndProject
Global
	GlobalSection(SolutionConfigurationPlatforms) = preSolution
		Debug|Any CPU = Debug|Any CPU
		Release|Any CPU = Release|Any CPU
	EndGlobalSection
	GlobalSection(ProjectConfigurationPlatforms) = postSolution
		{83BA37F3-D956-4693-80FC-273766E1D2F8}.Debug|Any CPU.ActiveCfg = Debug|Any CPU
		{83BA37F3-D956-4693-80FC-273766E1D2F8}.Debug|Any CPU.Build.0 = Debug|Any CPU
		{83BA37F3-D956-4693-80FC-273766E1D2F8}.Release|Any CPU.ActiveCfg = Release|Any CPU
		{83BA37F3-D956-4693-80FC-273766E1D2F8}.Release|Any CPU.Build.0 = Release|Any CPU
	EndGlobalSection
	GlobalSection(SolutionProperties) = preSolution
		HideSolutionNode = FALSE
	EndGlobalSection
	GlobalSection(ExtensibilityGlobals) = postSolution
		SolutionGuid = {10712B19-FBEA-46AC-91E8-BE4DF8720EE2}
	EndGlobalSection
EndGlobal
